// !$*UTF8*$!
{
	archiveVersion = 1;
	classes = {
	};
	objectVersion = 46;
	objects = {

/* Begin PBXBuildFile section */
		A30D6CA61C152605002EA99D /* main.cpp in Sources */ = {isa = PBXBuildFile; fileRef = A30D6CA51C152605002EA99D /* main.cpp */; };
/* End PBXBuildFile section */

/* Begin PBXCopyFilesBuildPhase section */
		A30D6CA01C152605002EA99D /* CopyFiles */ = {
			isa = PBXCopyFilesBuildPhase;
			buildActionMask = 2147483647;
			dstPath = /usr/share/man/man1/;
			dstSubfolderSpec = 0;
			files = (
			);
			runOnlyForDeploymentPostprocessing = 1;
		};
/* End PBXCopyFilesBuildPhase section */

/* Begin PBXFileReference section */
		A30D6CA21C152605002EA99D /* DH_ExchangeKey */ = {isa = PBXFileReference; explicitFileType = "compiled.mach-o.executable"; includeInIndex = 0; path = DH_ExchangeKey; sourceTree = BUILT_PRODUCTS_DIR; };
		A30D6CA51C152605002EA99D /* main.cpp */ = {isa = PBXFileReference; lastKnownFileType = sourcecode.cpp.cpp; path = main.cpp; sourceTree = "<group>"; };
/* End PBXFileReference section */

/* Begin PBXFrameworksBuildPhase section */
		A30D6C9F1C152605002EA99D /* Frameworks */ = {
			isa = PBXFrameworksBuildPhase;
			buildActionMask = 2147483647;
			files = (
			);
			runOnlyForDeploymentPostprocessing = 0;
		};
/* End PBXFrameworksBuildPhase section */

/* Begin PBXGroup section */
		A30D6C991C152605002EA99D = {
			isa = PBXGroup;
			children = (
				A30D6CA41C152605002EA99D /* DH_ExchangeKey */,
				A30D6CA31C152605002EA99D /* Products */,
			);
			sourceTree = "<group>";
		};
		A30D6CA31C152605002EA99D /* Products */ = {
			isa = PBXGroup;
			children = (
				A30D6CA21C152605002EA99D /* DH_ExchangeKey */,
			);
			name = Products;
			sourceTree = "<group>";
		};
		A30D6CA41C152605002EA99D /* DH_ExchangeKey */ = {
			isa = PBXGroup;
			children = (
				A30D6CA51C152605002EA99D /* main.cpp */,
			);
			path = DH_ExchangeKey;
			sourceTree = "<group>";
		};
/* End PBXGroup section */

/* Begin PBXNativeTarget section */
		A30D6CA11C152605002EA99D /* DH_ExchangeKey */ = {
			isa = PBXNativeTarget;
			buildConfigurationList = A30D6CA91C152605002EA99D /* Build configuration list for PBXNativeTarget "DH_ExchangeKey" */;
			buildPhases = (
				A30D6C9E1C152605002EA99D /* Sources */,
				A30D6C9F1C152605002EA99D /* Frameworks */,
				A30D6CA01C152605002EA99D /* CopyFiles */,
			);
			buildRules = (
			);
			dependencies = (
			);
			name = DH_ExchangeKey;
			productName = DH_ExchangeKey;
			productReference = A30D6CA21C152605002EA99D /* DH_ExchangeKey */;
			productType = "com.apple.product-type.tool";
		};
/* End PBXNativeTarget section */

/* Begin PBXProject section */
		A30D6C9A1C152605002EA99D /* Project object */ = {
			isa = PBXProject;
			attributes = {
				LastUpgradeCheck = 0710;
				ORGANIZATIONNAME = gjwang;
				TargetAttributes = {
					A30D6CA11C152605002EA99D = {
						CreatedOnToolsVersion = 7.1;
					};
				};
			};
			buildConfigurationList = A30D6C9D1C152605002EA99D /* Build configuration list for PBXProject "DH_ExchangeKey" */;
			compatibilityVersion = "Xcode 3.2";
			developmentRegion = English;
			hasScannedForEncodings = 0;
			knownRegions = (
				en,
			);
			mainGroup = A30D6C991C152605002EA99D;
			productRefGroup = A30D6CA31C152605002EA99D /* Products */;
			projectDirPath = "";
			projectRoot = "";
			targets = (
				A30D6CA11C152605002EA99D /* DH_ExchangeKey */,
			);
		};
/* End PBXProject section */

/* Begin PBXSourcesBuildPhase section */
		A30D6C9E1C152605002EA99D /* Sources */ = {
			isa = PBXSourcesBuildPhase;
			buildActionMask = 2147483647;
			files = (
				A30D6CA61C152605002EA99D /* main.cpp in Sources */,
			);
			runOnlyForDeploymentPostprocessing = 0;
		};
/* End PBXSourcesBuildPhase section */

/* Begin XCBuildConfiguration section */
		A30D6CA71C152605002EA99D /* Debug */ = {
			isa = XCBuildConfiguration;
			buildSettings = {
				ALWAYS_SEARCH_USER_PATHS = NO;
				CLANG_CXX_LANGUAGE_STANDARD = "gnu++0x";
				CLANG_CXX_LIBRARY = "libc++";
				CLANG_ENABLE_MODULES = YES;
				CLANG_ENABLE_OBJC_ARC = YES;
				CLANG_WARN_BOOL_CONVERSION = YES;
				CLANG_WARN_CONSTANT_CONVERSION = YES;
				CLANG_WARN_DIRECT_OBJC_ISA_USAGE = YES_ERROR;
				CLANG_WARN_EMPTY_BODY = YES;
				CLANG_WARN_ENUM_CONVERSION = YES;
				CLANG_WARN_INT_CONVERSION = YES;
				CLANG_WARN_OBJC_ROOT_CLASS = YES_ERROR;
				CLANG_WARN_UNREACHABLE_CODE = YES;
				CLANG_WARN__DUPLICATE_METHOD_MATCH = YES;
				CODE_SIGN_IDENTITY = "-";
				COPY_PHASE_STRIP = NO;
				DEBUG_INFORMATION_FORMAT = dwarf;
				ENABLE_STRICT_OBJC_MSGSEND = YES;
				ENABLE_TESTABILITY = YES;
				GCC_C_LANGUAGE_STANDARD = gnu99;
				GCC_DYNAMIC_NO_PIC = NO;
				GCC_NO_COMMON_BLOCKS = YES;
				GCC_OPTIMIZATION_LEVEL = 0;
				GCC_PREPROCESSOR_DEFINITIONS = (
					"DEBUG=1",
					"$(inherited)",
				);
				GCC_WARN_64_TO_32_BIT_CONVERSION = YES;
				GCC_WARN_ABOUT_RETURN_TYPE = YES_ERROR;
				GCC_WARN_UNDECLARED_SELECTOR = YES;
				GCC_WARN_UNINITIALIZED_AUTOS = YES_AGGRESSIVE;
				GCC_WARN_UNUSED_FUNCTION = YES;
				GCC_WARN_UNUSED_VARIABLE = YES;
				MACOSX_DEPLOYMENT_TARGET = 10.10;
				MTL_ENABLE_DEBUG_INFO = YES;
				ONLY_ACTIVE_ARCH = YES;
				SDKROOT = macosx;
			};
			name = Debug;
		};
		A30D6CA81C152605002EA99D /* Release */ = {
			isa = XCBuildConfiguration;
			buildSettings = {
				ALWAYS_SEARCH_USER_PATHS = NO;
				CLANG_CXX_LANGUAGE_STANDARD = "gnu++0x";
				CLANG_CXX_LIBRARY = "libc++";
				CLANG_ENABLE_MODULES = YES;
				CLANG_ENABLE_OBJC_ARC = YES;
				CLANG_WARN_BOOL_CONVERSION = YES;
				CLANG_WARN_CONSTANT_CONVERSION = YES;
				CLANG_WARN_DIRECT_OBJC_ISA_USAGE = YES_ERROR;
				CLANG_WARN_EMPTY_BODY = YES;
				CLANG_WARN_ENUM_CONVERSION = YES;
				CLANG_WARN_INT_CONVERSION = YES;
				CLANG_WARN_OBJC_ROOT_CLASS = YES_ERROR;
				CLANG_WARN_UNREACHABLE_CODE = YES;
				CLANG_WARN__DUPLICATE_METHOD_MATCH = YES;
				CODE_SIGN_IDENTITY = "-";
				COPY_PHASE_STRIP = NO;
				DEBUG_INFORMATION_FORMAT = "dwarf-with-dsym";
				ENABLE_NS_ASSERTIONS = NO;
				ENABLE_STRICT_OBJC_MSGSEND = YES;
				GCC_C_LANGUAGE_STANDARD = gnu99;
				GCC_NO_COMMON_BLOCKS = YES;
				GCC_WARN_64_TO_32_BIT_CONVERSION = YES;
				GCC_WARN_ABOUT_RETURN_TYPE = YES_ERROR;
				GCC_WARN_UNDECLARED_SELECTOR = YES;
				GCC_WARN_UNINITIALIZED_AUTOS = YES_AGGRESSIVE;
				GCC_WARN_UNUSED_FUNCTION = YES;
				GCC_WARN_UNUSED_VARIABLE = YES;
				MACOSX_DEPLOYMENT_TARGET = 10.10;
				MTL_ENABLE_DEBUG_INFO = NO;
				SDKROOT = macosx;
			};
			name = Release;
		};
		A30D6CAA1C152605002EA99D /* Debug */ = {
			isa = XCBuildConfiguration;
			buildSettings = {
				PRODUCT_NAME = "$(TARGET_NAME)";
			};
			name = Debug;
		};
		A30D6CAB1C152605002EA99D /* Release */ = {
			isa = XCBuildConfiguration;
			buildSettings = {
				PRODUCT_NAME = "$(TARGET_NAME)";
			};
			name = Release;
		};
/* End XCBuildConfiguration section */

/* Begin XCConfigurationList section */
		A30D6C9D1C152605002EA99D /* Build configuration list for PBXProject "DH_ExchangeKey" */ = {
			isa = XCConfigurationList;
			buildConfigurations = (
				A30D6CA71C152605002EA99D /* Debug */,
				A30D6CA81C152605002EA99D /* Release */,
			);
			defaultConfigurationIsVisible = 0;
			defaultConfigurationName = Release;
		};
		A30D6CA91C152605002EA99D /* Build configuration list for PBXNativeTarget "DH_ExchangeKey" */ = {
			isa = XCConfigurationList;
			buildConfigurations = (
				A30D6CAA1C152605002EA99D /* Debug */,
				A30D6CAB1C152605002EA99D /* Release */,
			);
			defaultConfigurationIsVisible = 0;
		};
/* End XCConfigurationList section */
	};
	rootObject = A30D6C9A1C152605002EA99D /* Project object */;
}
